
Microsoft Visual Studio Solution File, Format Version 12.00
# Visual Studio Version 16
VisualStudioVersion = 16.0.34031.81
MinimumVisualStudioVersion = 10.0.40219.1
Project("{F184B08F-C81C-45F6-A57F-5ABD9991F28F}") = "Lab04", "Lab04\Lab04.vbproj", "{DB151600-75D1-4E41-BB1D-B998CDD3FA9B}"
EndProject
Global
	GlobalSection(SolutionConfigurationPlatforms) = preSolution
		Debug|Any CPU = Debug|Any CPU
		Release|Any CPU = Release|Any CPU
	EndGlobalSection
	GlobalSection(ProjectConfigurationPlatforms) = postSolution
		{DB151600-75D1-4E41-BB1D-B998CDD3FA9B}.Debug|Any CPU.ActiveCfg = Debug|Any CPU
		{DB151600-75D1-4E41-BB1D-B998CDD3FA9B}.Debug|Any CPU.Build.0 = Debug|Any CPU
		{DB151600-75D1-4E41-BB1D-B998CDD3FA9B}.Release|Any CPU.ActiveCfg = Release|Any CPU
		{DB151600-75D1-4E41-BB1D-B998CDD3FA9B}.Release|Any CPU.Build.0 = Release|Any CPU
	EndGlobalSection
	GlobalSection(SolutionProperties) = preSolution
		HideSolutionNode = FALSE
	EndGlobalSection
	GlobalSection(ExtensibilityGlobals) = postSolution
		SolutionGuid = {7CB664B6-6621-4031-8E87-C31C2FF9BF52}
	EndGlobalSection
EndGlobal
